
Microsoft Visual Studio Solution File, Format Version 12.00
# Visual Studio Version 17
VisualStudioVersion = 17.4.33205.214
MinimumVisualStudioVersion = 10.0.40219.1
Project("{FAE04EC0-301F-11D3-BF4B-00C04F79EFBC}") = "Day9Extension", "Day9Extension\Day9Extension.csproj", "{E4D7ED7C-2F9E-4BAC-BFEB-742BE0EF9F8B}"
EndProject
Global
	GlobalSection(SolutionConfigurationPlatforms) = preSolution
		Debug|Any CPU = Debug|Any CPU
		Release|Any CPU = Release|Any CPU
	EndGlobalSection
	GlobalSection(ProjectConfigurationPlatforms) = postSolution
		{E4D7ED7C-2F9E-4BAC-BFEB-742BE0EF9F8B}.Debug|Any CPU.ActiveCfg = Debug|Any CPU
		{E4D7ED7C-2F9E-4BAC-BFEB-742BE0EF9F8B}.Debug|Any CPU.Build.0 = Debug|Any CPU
		{E4D7ED7C-2F9E-4BAC-BFEB-742BE0EF9F8B}.Release|Any CPU.ActiveCfg = Release|Any CPU
		{E4D7ED7C-2F9E-4BAC-BFEB-742BE0EF9F8B}.Release|Any CPU.Build.0 = Release|Any CPU
	EndGlobalSection
	GlobalSection(SolutionProperties) = preSolution
		HideSolutionNode = FALSE
	EndGlobalSection
	GlobalSection(ExtensibilityGlobals) = postSolution
		SolutionGuid = {5E4EECBA-CF22-455C-8718-0A948A94B3DE}
	EndGlobalSection
EndGlobal
